
Microsoft Visual Studio Solution File, Format Version 12.00
# Visual Studio Version 16
VisualStudioVersion = 16.0.31424.327
MinimumVisualStudioVersion = 10.0.40219.1
Project("{FAE04EC0-301F-11D3-BF4B-00C04F79EFBC}") = "WebApplication3", "WebApplication3.csproj", "{A0197AD7-9CE1-459F-84F7-EC32F8A8D300}"
EndProject
Global
	GlobalSection(SolutionConfigurationPlatforms) = preSolution
		Debug|Any CPU = Debug|Any CPU
		Release|Any CPU = Release|Any CPU
	EndGlobalSection
	GlobalSection(ProjectConfigurationPlatforms) = postSolution
		{A0197AD7-9CE1-459F-84F7-EC32F8A8D300}.Debug|Any CPU.ActiveCfg = Debug|Any CPU
		{A0197AD7-9CE1-459F-84F7-EC32F8A8D300}.Debug|Any CPU.Build.0 = Debug|Any CPU
		{A0197AD7-9CE1-459F-84F7-EC32F8A8D300}.Release|Any CPU.ActiveCfg = Release|Any CPU
		{A0197AD7-9CE1-459F-84F7-EC32F8A8D300}.Release|Any CPU.Build.0 = Release|Any CPU
	EndGlobalSection
	GlobalSection(SolutionProperties) = preSolution
		HideSolutionNode = FALSE
	EndGlobalSection
	GlobalSection(ExtensibilityGlobals) = postSolution
		SolutionGuid = {9D5647AE-3C14-45EA-B1A2-3D2899103F92}
	EndGlobalSection
EndGlobal
